
Microsoft Visual Studio Solution File, Format Version 12.00
# Visual Studio 15
VisualStudioVersion = 15.0.27703.2035
MinimumVisualStudioVersion = 10.0.40219.1
Project("{FAE04EC0-301F-11D3-BF4B-00C04F79EFBC}") = "WebSiteBanHang", "WebSiteBanHang\WebSiteBanHang.csproj", "{3571850A-195E-451F-A5F8-063F89AC5F10}"
EndProject
Global
	GlobalSection(SolutionConfigurationPlatforms) = preSolution
		Debug|Any CPU = Debug|Any CPU
		Release|Any CPU = Release|Any CPU
	EndGlobalSection
	GlobalSection(ProjectConfigurationPlatforms) = postSolution
		{3571850A-195E-451F-A5F8-063F89AC5F10}.Debug|Any CPU.ActiveCfg = Debug|Any CPU
		{3571850A-195E-451F-A5F8-063F89AC5F10}.Debug|Any CPU.Build.0 = Debug|Any CPU
		{3571850A-195E-451F-A5F8-063F89AC5F10}.Release|Any CPU.ActiveCfg = Release|Any CPU
		{3571850A-195E-451F-A5F8-063F89AC5F10}.Release|Any CPU.Build.0 = Release|Any CPU
	EndGlobalSection
	GlobalSection(SolutionProperties) = preSolution
		HideSolutionNode = FALSE
	EndGlobalSection
	GlobalSection(ExtensibilityGlobals) = postSolution
		SolutionGuid = {C5045C1E-9356-4615-9F4D-F36A3C924BCE}
	EndGlobalSection
EndGlobal
